// !$*UTF8*$!
{
	archiveVersion = 1;
	classes = {
	};
	objectVersion = 56;
	objects = {

/* Begin PBXBuildFile section */
		B532E8322A5525C600F0DB19 /* AppDelegate.swift in Sources */ = {isa = PBXBuildFile; fileRef = B532E8312A5525C600F0DB19 /* AppDelegate.swift */; };
		B532E8342A5525C600F0DB19 /* SceneDelegate.swift in Sources */ = {isa = PBXBuildFile; fileRef = B532E8332A5525C600F0DB19 /* SceneDelegate.swift */; };
		B532E8362A5525C600F0DB19 /* ViewController.swift in Sources */ = {isa = PBXBuildFile; fileRef = B532E8352A5525C600F0DB19 /* ViewController.swift */; };
		B532E83B2A5525C700F0DB19 /* Assets.xcassets in Resources */ = {isa = PBXBuildFile; fileRef = B532E83A2A5525C700F0DB19 /* Assets.xcassets */; };
		B532E83E2A5525C700F0DB19 /* LaunchScreen.storyboard in Resources */ = {isa = PBXBuildFile; fileRef = B532E83C2A5525C700F0DB19 /* LaunchScreen.storyboard */; };
		B532E8492A5525C800F0DB19 /* LionHeart_iOSTests.swift in Sources */ = {isa = PBXBuildFile; fileRef = B532E8482A5525C800F0DB19 /* LionHeart_iOSTests.swift */; };
		B532E8532A5525C800F0DB19 /* LionHeart_iOSUITests.swift in Sources */ = {isa = PBXBuildFile; fileRef = B532E8522A5525C800F0DB19 /* LionHeart_iOSUITests.swift */; };
		B532E8552A5525C800F0DB19 /* LionHeart_iOSUITestsLaunchTests.swift in Sources */ = {isa = PBXBuildFile; fileRef = B532E8542A5525C800F0DB19 /* LionHeart_iOSUITestsLaunchTests.swift */; };
		B532E8632A5529B000F0DB19 /* HTTPHeaderField.swift in Sources */ = {isa = PBXBuildFile; fileRef = B532E8622A5529B000F0DB19 /* HTTPHeaderField.swift */; };
		B532E8652A5529F100F0DB19 /* BaseResponse.swift in Sources */ = {isa = PBXBuildFile; fileRef = B532E8642A5529F100F0DB19 /* BaseResponse.swift */; };
		B532E86C2A5564DD00F0DB19 /* Encodable+.swift in Sources */ = {isa = PBXBuildFile; fileRef = B532E86B2A5564DD00F0DB19 /* Encodable+.swift */; };
/* End PBXBuildFile section */

/* Begin PBXContainerItemProxy section */
		B532E8452A5525C800F0DB19 /* PBXContainerItemProxy */ = {
			isa = PBXContainerItemProxy;
			containerPortal = B532E8262A5525C600F0DB19 /* Project object */;
			proxyType = 1;
			remoteGlobalIDString = B532E82D2A5525C600F0DB19;
			remoteInfo = "LionHeart-iOS";
		};
		B532E84F2A5525C800F0DB19 /* PBXContainerItemProxy */ = {
			isa = PBXContainerItemProxy;
			containerPortal = B532E8262A5525C600F0DB19 /* Project object */;
			proxyType = 1;
			remoteGlobalIDString = B532E82D2A5525C600F0DB19;
			remoteInfo = "LionHeart-iOS";
		};
/* End PBXContainerItemProxy section */

/* Begin PBXFileReference section */
		B532E82E2A5525C600F0DB19 /* LionHeart-iOS.app */ = {isa = PBXFileReference; explicitFileType = wrapper.application; includeInIndex = 0; path = "LionHeart-iOS.app"; sourceTree = BUILT_PRODUCTS_DIR; };
		B532E8312A5525C600F0DB19 /* AppDelegate.swift */ = {isa = PBXFileReference; lastKnownFileType = sourcecode.swift; path = AppDelegate.swift; sourceTree = "<group>"; };
		B532E8332A5525C600F0DB19 /* SceneDelegate.swift */ = {isa = PBXFileReference; lastKnownFileType = sourcecode.swift; path = SceneDelegate.swift; sourceTree = "<group>"; };
		B532E8352A5525C600F0DB19 /* ViewController.swift */ = {isa = PBXFileReference; lastKnownFileType = sourcecode.swift; path = ViewController.swift; sourceTree = "<group>"; };
		B532E83A2A5525C700F0DB19 /* Assets.xcassets */ = {isa = PBXFileReference; lastKnownFileType = folder.assetcatalog; path = Assets.xcassets; sourceTree = "<group>"; };
		B532E83D2A5525C700F0DB19 /* Base */ = {isa = PBXFileReference; lastKnownFileType = file.storyboard; name = Base; path = Base.lproj/LaunchScreen.storyboard; sourceTree = "<group>"; };
		B532E83F2A5525C700F0DB19 /* Info.plist */ = {isa = PBXFileReference; lastKnownFileType = text.plist.xml; path = Info.plist; sourceTree = "<group>"; };
		B532E8442A5525C800F0DB19 /* LionHeart-iOSTests.xctest */ = {isa = PBXFileReference; explicitFileType = wrapper.cfbundle; includeInIndex = 0; path = "LionHeart-iOSTests.xctest"; sourceTree = BUILT_PRODUCTS_DIR; };
		B532E8482A5525C800F0DB19 /* LionHeart_iOSTests.swift */ = {isa = PBXFileReference; lastKnownFileType = sourcecode.swift; path = LionHeart_iOSTests.swift; sourceTree = "<group>"; };
		B532E84E2A5525C800F0DB19 /* LionHeart-iOSUITests.xctest */ = {isa = PBXFileReference; explicitFileType = wrapper.cfbundle; includeInIndex = 0; path = "LionHeart-iOSUITests.xctest"; sourceTree = BUILT_PRODUCTS_DIR; };
		B532E8522A5525C800F0DB19 /* LionHeart_iOSUITests.swift */ = {isa = PBXFileReference; lastKnownFileType = sourcecode.swift; path = LionHeart_iOSUITests.swift; sourceTree = "<group>"; };
		B532E8542A5525C800F0DB19 /* LionHeart_iOSUITestsLaunchTests.swift */ = {isa = PBXFileReference; lastKnownFileType = sourcecode.swift; path = LionHeart_iOSUITestsLaunchTests.swift; sourceTree = "<group>"; };
		B532E8622A5529B000F0DB19 /* HTTPHeaderField.swift */ = {isa = PBXFileReference; lastKnownFileType = sourcecode.swift; path = HTTPHeaderField.swift; sourceTree = "<group>"; };
		B532E8642A5529F100F0DB19 /* BaseResponse.swift */ = {isa = PBXFileReference; lastKnownFileType = sourcecode.swift; path = BaseResponse.swift; sourceTree = "<group>"; };
		B532E8692A552BA500F0DB19 /* Development.xcconfig */ = {isa = PBXFileReference; lastKnownFileType = text.xcconfig; path = Development.xcconfig; sourceTree = "<group>"; };
		B532E86B2A5564DD00F0DB19 /* Encodable+.swift */ = {isa = PBXFileReference; lastKnownFileType = sourcecode.swift; path = "Encodable+.swift"; sourceTree = "<group>"; };
/* End PBXFileReference section */

/* Begin PBXFrameworksBuildPhase section */
		B532E82B2A5525C600F0DB19 /* Frameworks */ = {
			isa = PBXFrameworksBuildPhase;
			buildActionMask = 2147483647;
			files = (
			);
			runOnlyForDeploymentPostprocessing = 0;
		};
		B532E8412A5525C800F0DB19 /* Frameworks */ = {
			isa = PBXFrameworksBuildPhase;
			buildActionMask = 2147483647;
			files = (
			);
			runOnlyForDeploymentPostprocessing = 0;
		};
		B532E84B2A5525C800F0DB19 /* Frameworks */ = {
			isa = PBXFrameworksBuildPhase;
			buildActionMask = 2147483647;
			files = (
			);
			runOnlyForDeploymentPostprocessing = 0;
		};
/* End PBXFrameworksBuildPhase section */

/* Begin PBXGroup section */
		B532E8252A5525C600F0DB19 = {
			isa = PBXGroup;
			children = (
				B532E8302A5525C600F0DB19 /* LionHeart-iOS */,
				B532E8472A5525C800F0DB19 /* LionHeart-iOSTests */,
				B532E8512A5525C800F0DB19 /* LionHeart-iOSUITests */,
				B532E82F2A5525C600F0DB19 /* Products */,
			);
			sourceTree = "<group>";
		};
		B532E82F2A5525C600F0DB19 /* Products */ = {
			isa = PBXGroup;
			children = (
				B532E82E2A5525C600F0DB19 /* LionHeart-iOS.app */,
				B532E8442A5525C800F0DB19 /* LionHeart-iOSTests.xctest */,
				B532E84E2A5525C800F0DB19 /* LionHeart-iOSUITests.xctest */,
			);
			name = Products;
			sourceTree = "<group>";
		};
		B532E8302A5525C600F0DB19 /* LionHeart-iOS */ = {
			isa = PBXGroup;
			children = (
				B532E8672A552B0600F0DB19 /* Settings */,
				B532E8612A55260C00F0DB19 /* Network */,
				B532E8312A5525C600F0DB19 /* AppDelegate.swift */,
				B532E8332A5525C600F0DB19 /* SceneDelegate.swift */,
				B532E8352A5525C600F0DB19 /* ViewController.swift */,
				B532E83A2A5525C700F0DB19 /* Assets.xcassets */,
				B532E83C2A5525C700F0DB19 /* LaunchScreen.storyboard */,
			);
			path = "LionHeart-iOS";
			sourceTree = "<group>";
		};
		B532E8472A5525C800F0DB19 /* LionHeart-iOSTests */ = {
			isa = PBXGroup;
			children = (
				B532E8482A5525C800F0DB19 /* LionHeart_iOSTests.swift */,
			);
			path = "LionHeart-iOSTests";
			sourceTree = "<group>";
		};
		B532E8512A5525C800F0DB19 /* LionHeart-iOSUITests */ = {
			isa = PBXGroup;
			children = (
				B532E8522A5525C800F0DB19 /* LionHeart_iOSUITests.swift */,
				B532E8542A5525C800F0DB19 /* LionHeart_iOSUITestsLaunchTests.swift */,
			);
			path = "LionHeart-iOSUITests";
			sourceTree = "<group>";
		};
		B532E8612A55260C00F0DB19 /* Network */ = {
			isa = PBXGroup;
			children = (
				B532E8662A5529F700F0DB19 /* Base */,
				B532E86B2A5564DD00F0DB19 /* Encodable+.swift */,
			);
			path = Network;
			sourceTree = "<group>";
		};
		B532E8662A5529F700F0DB19 /* Base */ = {
			isa = PBXGroup;
			children = (
				B532E8622A5529B000F0DB19 /* HTTPHeaderField.swift */,
				B532E8642A5529F100F0DB19 /* BaseResponse.swift */,
			);
			path = Base;
			sourceTree = "<group>";
		};
		B532E8672A552B0600F0DB19 /* Settings */ = {
			isa = PBXGroup;
			children = (
				B532E83F2A5525C700F0DB19 /* Info.plist */,
				B532E8682A552B2400F0DB19 /* Configurations */,
			);
			path = Settings;
			sourceTree = "<group>";
		};
		B532E8682A552B2400F0DB19 /* Configurations */ = {
			isa = PBXGroup;
			children = (
				B532E8692A552BA500F0DB19 /* Development.xcconfig */,
			);
			path = Configurations;
			sourceTree = "<group>";
		};
/* End PBXGroup section */

/* Begin PBXNativeTarget section */
		B532E82D2A5525C600F0DB19 /* LionHeart-iOS */ = {
			isa = PBXNativeTarget;
			buildConfigurationList = B532E8582A5525C800F0DB19 /* Build configuration list for PBXNativeTarget "LionHeart-iOS" */;
			buildPhases = (
				B532E82A2A5525C600F0DB19 /* Sources */,
				B532E82B2A5525C600F0DB19 /* Frameworks */,
				B532E82C2A5525C600F0DB19 /* Resources */,
			);
			buildRules = (
			);
			dependencies = (
			);
			name = "LionHeart-iOS";
			productName = "LionHeart-iOS";
			productReference = B532E82E2A5525C600F0DB19 /* LionHeart-iOS.app */;
			productType = "com.apple.product-type.application";
		};
		B532E8432A5525C800F0DB19 /* LionHeart-iOSTests */ = {
			isa = PBXNativeTarget;
			buildConfigurationList = B532E85B2A5525C800F0DB19 /* Build configuration list for PBXNativeTarget "LionHeart-iOSTests" */;
			buildPhases = (
				B532E8402A5525C800F0DB19 /* Sources */,
				B532E8412A5525C800F0DB19 /* Frameworks */,
				B532E8422A5525C800F0DB19 /* Resources */,
			);
			buildRules = (
			);
			dependencies = (
				B532E8462A5525C800F0DB19 /* PBXTargetDependency */,
			);
			name = "LionHeart-iOSTests";
			productName = "LionHeart-iOSTests";
			productReference = B532E8442A5525C800F0DB19 /* LionHeart-iOSTests.xctest */;
			productType = "com.apple.product-type.bundle.unit-test";
		};
		B532E84D2A5525C800F0DB19 /* LionHeart-iOSUITests */ = {
			isa = PBXNativeTarget;
			buildConfigurationList = B532E85E2A5525C800F0DB19 /* Build configuration list for PBXNativeTarget "LionHeart-iOSUITests" */;
			buildPhases = (
				B532E84A2A5525C800F0DB19 /* Sources */,
				B532E84B2A5525C800F0DB19 /* Frameworks */,
				B532E84C2A5525C800F0DB19 /* Resources */,
			);
			buildRules = (
			);
			dependencies = (
				B532E8502A5525C800F0DB19 /* PBXTargetDependency */,
			);
			name = "LionHeart-iOSUITests";
			productName = "LionHeart-iOSUITests";
			productReference = B532E84E2A5525C800F0DB19 /* LionHeart-iOSUITests.xctest */;
			productType = "com.apple.product-type.bundle.ui-testing";
		};
/* End PBXNativeTarget section */

/* Begin PBXProject section */
		B532E8262A5525C600F0DB19 /* Project object */ = {
			isa = PBXProject;
			attributes = {
				BuildIndependentTargetsInParallel = 1;
				LastSwiftUpdateCheck = 1430;
				LastUpgradeCheck = 1430;
				TargetAttributes = {
					B532E82D2A5525C600F0DB19 = {
						CreatedOnToolsVersion = 14.3;
					};
					B532E8432A5525C800F0DB19 = {
						CreatedOnToolsVersion = 14.3;
						TestTargetID = B532E82D2A5525C600F0DB19;
					};
					B532E84D2A5525C800F0DB19 = {
						CreatedOnToolsVersion = 14.3;
						TestTargetID = B532E82D2A5525C600F0DB19;
					};
				};
			};
			buildConfigurationList = B532E8292A5525C600F0DB19 /* Build configuration list for PBXProject "LionHeart-iOS" */;
			compatibilityVersion = "Xcode 14.0";
			developmentRegion = en;
			hasScannedForEncodings = 0;
			knownRegions = (
				en,
				Base,
			);
			mainGroup = B532E8252A5525C600F0DB19;
			productRefGroup = B532E82F2A5525C600F0DB19 /* Products */;
			projectDirPath = "";
			projectRoot = "";
			targets = (
				B532E82D2A5525C600F0DB19 /* LionHeart-iOS */,
				B532E8432A5525C800F0DB19 /* LionHeart-iOSTests */,
				B532E84D2A5525C800F0DB19 /* LionHeart-iOSUITests */,
			);
		};
/* End PBXProject section */

/* Begin PBXResourcesBuildPhase section */
		B532E82C2A5525C600F0DB19 /* Resources */ = {
			isa = PBXResourcesBuildPhase;
			buildActionMask = 2147483647;
			files = (
				B532E83E2A5525C700F0DB19 /* LaunchScreen.storyboard in Resources */,
				B532E83B2A5525C700F0DB19 /* Assets.xcassets in Resources */,
			);
			runOnlyForDeploymentPostprocessing = 0;
		};
		B532E8422A5525C800F0DB19 /* Resources */ = {
			isa = PBXResourcesBuildPhase;
			buildActionMask = 2147483647;
			files = (
			);
			runOnlyForDeploymentPostprocessing = 0;
		};
		B532E84C2A5525C800F0DB19 /* Resources */ = {
			isa = PBXResourcesBuildPhase;
			buildActionMask = 2147483647;
			files = (
			);
			runOnlyForDeploymentPostprocessing = 0;
		};
/* End PBXResourcesBuildPhase section */

/* Begin PBXSourcesBuildPhase section */
		B532E82A2A5525C600F0DB19 /* Sources */ = {
			isa = PBXSourcesBuildPhase;
			buildActionMask = 2147483647;
			files = (
				B532E8652A5529F100F0DB19 /* BaseResponse.swift in Sources */,
				B532E8362A5525C600F0DB19 /* ViewController.swift in Sources */,
				B532E8632A5529B000F0DB19 /* HTTPHeaderField.swift in Sources */,
				B532E86C2A5564DD00F0DB19 /* Encodable+.swift in Sources */,
				B532E8322A5525C600F0DB19 /* AppDelegate.swift in Sources */,
				B532E8342A5525C600F0DB19 /* SceneDelegate.swift in Sources */,
			);
			runOnlyForDeploymentPostprocessing = 0;
		};
		B532E8402A5525C800F0DB19 /* Sources */ = {
			isa = PBXSourcesBuildPhase;
			buildActionMask = 2147483647;
			files = (
				B532E8492A5525C800F0DB19 /* LionHeart_iOSTests.swift in Sources */,
			);
			runOnlyForDeploymentPostprocessing = 0;
		};
		B532E84A2A5525C800F0DB19 /* Sources */ = {
			isa = PBXSourcesBuildPhase;
			buildActionMask = 2147483647;
			files = (
				B532E8532A5525C800F0DB19 /* LionHeart_iOSUITests.swift in Sources */,
				B532E8552A5525C800F0DB19 /* LionHeart_iOSUITestsLaunchTests.swift in Sources */,
			);
			runOnlyForDeploymentPostprocessing = 0;
		};
/* End PBXSourcesBuildPhase section */

/* Begin PBXTargetDependency section */
		B532E8462A5525C800F0DB19 /* PBXTargetDependency */ = {
			isa = PBXTargetDependency;
			target = B532E82D2A5525C600F0DB19 /* LionHeart-iOS */;
			targetProxy = B532E8452A5525C800F0DB19 /* PBXContainerItemProxy */;
		};
		B532E8502A5525C800F0DB19 /* PBXTargetDependency */ = {
			isa = PBXTargetDependency;
			target = B532E82D2A5525C600F0DB19 /* LionHeart-iOS */;
			targetProxy = B532E84F2A5525C800F0DB19 /* PBXContainerItemProxy */;
		};
/* End PBXTargetDependency section */

/* Begin PBXVariantGroup section */
		B532E83C2A5525C700F0DB19 /* LaunchScreen.storyboard */ = {
			isa = PBXVariantGroup;
			children = (
				B532E83D2A5525C700F0DB19 /* Base */,
			);
			name = LaunchScreen.storyboard;
			sourceTree = "<group>";
		};
/* End PBXVariantGroup section */

/* Begin XCBuildConfiguration section */
		B532E8562A5525C800F0DB19 /* Debug */ = {
			isa = XCBuildConfiguration;
			baseConfigurationReference = B532E8692A552BA500F0DB19 /* Development.xcconfig */;
			buildSettings = {
				ALWAYS_SEARCH_USER_PATHS = NO;
				CLANG_ANALYZER_NONNULL = YES;
				CLANG_ANALYZER_NUMBER_OBJECT_CONVERSION = YES_AGGRESSIVE;
				CLANG_CXX_LANGUAGE_STANDARD = "gnu++20";
				CLANG_ENABLE_MODULES = YES;
				CLANG_ENABLE_OBJC_ARC = YES;
				CLANG_ENABLE_OBJC_WEAK = YES;
				CLANG_WARN_BLOCK_CAPTURE_AUTORELEASING = YES;
				CLANG_WARN_BOOL_CONVERSION = YES;
				CLANG_WARN_COMMA = YES;
				CLANG_WARN_CONSTANT_CONVERSION = YES;
				CLANG_WARN_DEPRECATED_OBJC_IMPLEMENTATIONS = YES;
				CLANG_WARN_DIRECT_OBJC_ISA_USAGE = YES_ERROR;
				CLANG_WARN_DOCUMENTATION_COMMENTS = YES;
				CLANG_WARN_EMPTY_BODY = YES;
				CLANG_WARN_ENUM_CONVERSION = YES;
				CLANG_WARN_INFINITE_RECURSION = YES;
				CLANG_WARN_INT_CONVERSION = YES;
				CLANG_WARN_NON_LITERAL_NULL_CONVERSION = YES;
				CLANG_WARN_OBJC_IMPLICIT_RETAIN_SELF = YES;
				CLANG_WARN_OBJC_LITERAL_CONVERSION = YES;
				CLANG_WARN_OBJC_ROOT_CLASS = YES_ERROR;
				CLANG_WARN_QUOTED_INCLUDE_IN_FRAMEWORK_HEADER = YES;
				CLANG_WARN_RANGE_LOOP_ANALYSIS = YES;
				CLANG_WARN_STRICT_PROTOTYPES = YES;
				CLANG_WARN_SUSPICIOUS_MOVE = YES;
				CLANG_WARN_UNGUARDED_AVAILABILITY = YES_AGGRESSIVE;
				CLANG_WARN_UNREACHABLE_CODE = YES;
				CLANG_WARN__DUPLICATE_METHOD_MATCH = YES;
				COPY_PHASE_STRIP = NO;
				DEBUG_INFORMATION_FORMAT = dwarf;
				ENABLE_STRICT_OBJC_MSGSEND = YES;
				ENABLE_TESTABILITY = YES;
				GCC_C_LANGUAGE_STANDARD = gnu11;
				GCC_DYNAMIC_NO_PIC = NO;
				GCC_NO_COMMON_BLOCKS = YES;
				GCC_OPTIMIZATION_LEVEL = 0;
				GCC_PREPROCESSOR_DEFINITIONS = (
					"DEBUG=1",
					"$(inherited)",
				);
				GCC_WARN_64_TO_32_BIT_CONVERSION = YES;
				GCC_WARN_ABOUT_RETURN_TYPE = YES_ERROR;
				GCC_WARN_UNDECLARED_SELECTOR = YES;
				GCC_WARN_UNINITIALIZED_AUTOS = YES_AGGRESSIVE;
				GCC_WARN_UNUSED_FUNCTION = YES;
				GCC_WARN_UNUSED_VARIABLE = YES;
				INFOPLIST_FILE = "LionHeart-iOS/Settings/Info.plist";
				IPHONEOS_DEPLOYMENT_TARGET = 16.4;
				MTL_ENABLE_DEBUG_INFO = INCLUDE_SOURCE;
				MTL_FAST_MATH = YES;
				ONLY_ACTIVE_ARCH = YES;
				SDKROOT = iphoneos;
				SWIFT_ACTIVE_COMPILATION_CONDITIONS = DEBUG;
				SWIFT_OPTIMIZATION_LEVEL = "-Onone";
			};
			name = Debug;
		};
		B532E8572A5525C800F0DB19 /* Release */ = {
			isa = XCBuildConfiguration;
			baseConfigurationReference = B532E8692A552BA500F0DB19 /* Development.xcconfig */;
			buildSettings = {
				ALWAYS_SEARCH_USER_PATHS = NO;
				CLANG_ANALYZER_NONNULL = YES;
				CLANG_ANALYZER_NUMBER_OBJECT_CONVERSION = YES_AGGRESSIVE;
				CLANG_CXX_LANGUAGE_STANDARD = "gnu++20";
				CLANG_ENABLE_MODULES = YES;
				CLANG_ENABLE_OBJC_ARC = YES;
				CLANG_ENABLE_OBJC_WEAK = YES;
				CLANG_WARN_BLOCK_CAPTURE_AUTORELEASING = YES;
				CLANG_WARN_BOOL_CONVERSION = YES;
				CLANG_WARN_COMMA = YES;
				CLANG_WARN_CONSTANT_CONVERSION = YES;
				CLANG_WARN_DEPRECATED_OBJC_IMPLEMENTATIONS = YES;
				CLANG_WARN_DIRECT_OBJC_ISA_USAGE = YES_ERROR;
				CLANG_WARN_DOCUMENTATION_COMMENTS = YES;
				CLANG_WARN_EMPTY_BODY = YES;
				CLANG_WARN_ENUM_CONVERSION = YES;
				CLANG_WARN_INFINITE_RECURSION = YES;
				CLANG_WARN_INT_CONVERSION = YES;
				CLANG_WARN_NON_LITERAL_NULL_CONVERSION = YES;
				CLANG_WARN_OBJC_IMPLICIT_RETAIN_SELF = YES;
				CLANG_WARN_OBJC_LITERAL_CONVERSION = YES;
				CLANG_WARN_OBJC_ROOT_CLASS = YES_ERROR;
				CLANG_WARN_QUOTED_INCLUDE_IN_FRAMEWORK_HEADER = YES;
				CLANG_WARN_RANGE_LOOP_ANALYSIS = YES;
				CLANG_WARN_STRICT_PROTOTYPES = YES;
				CLANG_WARN_SUSPICIOUS_MOVE = YES;
				CLANG_WARN_UNGUARDED_AVAILABILITY = YES_AGGRESSIVE;
				CLANG_WARN_UNREACHABLE_CODE = YES;
				CLANG_WARN__DUPLICATE_METHOD_MATCH = YES;
				COPY_PHASE_STRIP = NO;
				DEBUG_INFORMATION_FORMAT = "dwarf-with-dsym";
				ENABLE_NS_ASSERTIONS = NO;
				ENABLE_STRICT_OBJC_MSGSEND = YES;
				GCC_C_LANGUAGE_STANDARD = gnu11;
				GCC_NO_COMMON_BLOCKS = YES;
				GCC_WARN_64_TO_32_BIT_CONVERSION = YES;
				GCC_WARN_ABOUT_RETURN_TYPE = YES_ERROR;
				GCC_WARN_UNDECLARED_SELECTOR = YES;
				GCC_WARN_UNINITIALIZED_AUTOS = YES_AGGRESSIVE;
				GCC_WARN_UNUSED_FUNCTION = YES;
				GCC_WARN_UNUSED_VARIABLE = YES;
				INFOPLIST_FILE = "LionHeart-iOS/Settings/Info.plist";
				IPHONEOS_DEPLOYMENT_TARGET = 16.4;
				MTL_ENABLE_DEBUG_INFO = NO;
				MTL_FAST_MATH = YES;
				SDKROOT = iphoneos;
				SWIFT_COMPILATION_MODE = wholemodule;
				SWIFT_OPTIMIZATION_LEVEL = "-O";
				VALIDATE_PRODUCT = YES;
			};
			name = Release;
		};
		B532E8592A5525C800F0DB19 /* Debug */ = {
			isa = XCBuildConfiguration;
			buildSettings = {
				ASSETCATALOG_COMPILER_APPICON_NAME = AppIcon;
				ASSETCATALOG_COMPILER_GLOBAL_ACCENT_COLOR_NAME = AccentColor;
				"CODE_SIGN_IDENTITY[sdk=iphoneos*]" = "iPhone Developer";
				CODE_SIGN_STYLE = Manual;
				CURRENT_PROJECT_VERSION = 1;
				DEVELOPMENT_TEAM = "";
				"DEVELOPMENT_TEAM[sdk=iphoneos*]" = AXN37CP9B9;
				GENERATE_INFOPLIST_FILE = YES;
				INFOPLIST_FILE = "LionHeart-iOS/Settings/Info.plist";
				INFOPLIST_KEY_UIApplicationSupportsIndirectInputEvents = YES;
				INFOPLIST_KEY_UILaunchStoryboardName = LaunchScreen;
				INFOPLIST_KEY_UISupportedInterfaceOrientations_iPad = "UIInterfaceOrientationPortrait UIInterfaceOrientationPortraitUpsideDown UIInterfaceOrientationLandscapeLeft UIInterfaceOrientationLandscapeRight";
				INFOPLIST_KEY_UISupportedInterfaceOrientations_iPhone = "UIInterfaceOrientationPortrait UIInterfaceOrientationLandscapeLeft UIInterfaceOrientationLandscapeRight";
				LD_RUNPATH_SEARCH_PATHS = (
					"$(inherited)",
					"@executable_path/Frameworks",
				);
				MARKETING_VERSION = 1.0;
				PRODUCT_BUNDLE_IDENTIFIER = "com.Lionheart.LionHeart-iOS";
				PRODUCT_NAME = "$(TARGET_NAME)";
				PROVISIONING_PROFILE_SPECIFIER = "";
				"PROVISIONING_PROFILE_SPECIFIER[sdk=iphoneos*]" = "LionHeart-Debug";
				SWIFT_EMIT_LOC_STRINGS = YES;
				SWIFT_VERSION = 5.0;
				TARGETED_DEVICE_FAMILY = "1,2";
			};
			name = Debug;
		};
		B532E85A2A5525C800F0DB19 /* Release */ = {
			isa = XCBuildConfiguration;
			buildSettings = {
				ASSETCATALOG_COMPILER_APPICON_NAME = AppIcon;
				ASSETCATALOG_COMPILER_GLOBAL_ACCENT_COLOR_NAME = AccentColor;
				"CODE_SIGN_IDENTITY[sdk=iphoneos*]" = "iPhone Distribution";
				CODE_SIGN_STYLE = Manual;
				CURRENT_PROJECT_VERSION = 1;
				DEVELOPMENT_TEAM = "";
				"DEVELOPMENT_TEAM[sdk=iphoneos*]" = AXN37CP9B9;
				GENERATE_INFOPLIST_FILE = YES;
				INFOPLIST_FILE = "LionHeart-iOS/Settings/Info.plist";
				INFOPLIST_KEY_UIApplicationSupportsIndirectInputEvents = YES;
				INFOPLIST_KEY_UILaunchStoryboardName = LaunchScreen;
				INFOPLIST_KEY_UISupportedInterfaceOrientations_iPad = "UIInterfaceOrientationPortrait UIInterfaceOrientationPortraitUpsideDown UIInterfaceOrientationLandscapeLeft UIInterfaceOrientationLandscapeRight";
				INFOPLIST_KEY_UISupportedInterfaceOrientations_iPhone = "UIInterfaceOrientationPortrait UIInterfaceOrientationLandscapeLeft UIInterfaceOrientationLandscapeRight";
				LD_RUNPATH_SEARCH_PATHS = (
					"$(inherited)",
					"@executable_path/Frameworks",
				);
				MARKETING_VERSION = 1.0;
				PRODUCT_BUNDLE_IDENTIFIER = "com.Lionheart.LionHeart-iOS";
				PRODUCT_NAME = "$(TARGET_NAME)";
				PROVISIONING_PROFILE_SPECIFIER = "";
				"PROVISIONING_PROFILE_SPECIFIER[sdk=iphoneos*]" = "LionHeart-AdHoc";
				SWIFT_EMIT_LOC_STRINGS = YES;
				SWIFT_VERSION = 5.0;
				TARGETED_DEVICE_FAMILY = "1,2";
			};
			name = Release;
		};
		B532E85C2A5525C800F0DB19 /* Debug */ = {
			isa = XCBuildConfiguration;
			buildSettings = {
				ALWAYS_EMBED_SWIFT_STANDARD_LIBRARIES = YES;
				BUNDLE_LOADER = "$(TEST_HOST)";
				"CODE_SIGN_IDENTITY[sdk=iphoneos*]" = "iPhone Developer";
				CODE_SIGN_STYLE = Manual;
				CURRENT_PROJECT_VERSION = 1;
				DEVELOPMENT_TEAM = "";
				"DEVELOPMENT_TEAM[sdk=iphoneos*]" = AXN37CP9B9;
				"DEVELOPMENT_TEAM[sdk=macosx*]" = "";
				GENERATE_INFOPLIST_FILE = YES;
				IPHONEOS_DEPLOYMENT_TARGET = 16.4;
				MARKETING_VERSION = 1.0;
				PRODUCT_BUNDLE_IDENTIFIER = "com.Lionheart.LionHeart-iOSTests";
				PRODUCT_NAME = "$(TARGET_NAME)";
				PROVISIONING_PROFILE_SPECIFIER = "";
				"PROVISIONING_PROFILE_SPECIFIER[sdk=iphoneos*]" = "LionHeart Development";
				"PROVISIONING_PROFILE_SPECIFIER[sdk=macosx*]" = "";
				SWIFT_EMIT_LOC_STRINGS = NO;
				SWIFT_VERSION = 5.0;
				TARGETED_DEVICE_FAMILY = "1,2";
				TEST_HOST = "$(BUILT_PRODUCTS_DIR)/LionHeart-iOS.app/$(BUNDLE_EXECUTABLE_FOLDER_PATH)/LionHeart-iOS";
			};
			name = Debug;
		};
		B532E85D2A5525C800F0DB19 /* Release */ = {
			isa = XCBuildConfiguration;
			buildSettings = {
				ALWAYS_EMBED_SWIFT_STANDARD_LIBRARIES = YES;
				BUNDLE_LOADER = "$(TEST_HOST)";
				"CODE_SIGN_IDENTITY[sdk=iphoneos*]" = "iPhone Developer";
				CODE_SIGN_STYLE = Manual;
				CURRENT_PROJECT_VERSION = 1;
				DEVELOPMENT_TEAM = "";
				"DEVELOPMENT_TEAM[sdk=iphoneos*]" = AXN37CP9B9;
				"DEVELOPMENT_TEAM[sdk=macosx*]" = "";
				GENERATE_INFOPLIST_FILE = YES;
				IPHONEOS_DEPLOYMENT_TARGET = 16.4;
				MARKETING_VERSION = 1.0;
				PRODUCT_BUNDLE_IDENTIFIER = "com.Lionheart.LionHeart-iOSTests";
				PRODUCT_NAME = "$(TARGET_NAME)";
				PROVISIONING_PROFILE_SPECIFIER = "";
				"PROVISIONING_PROFILE_SPECIFIER[sdk=iphoneos*]" = "LionHeart Development";
				"PROVISIONING_PROFILE_SPECIFIER[sdk=macosx*]" = "";
				SWIFT_EMIT_LOC_STRINGS = NO;
				SWIFT_VERSION = 5.0;
				TARGETED_DEVICE_FAMILY = "1,2";
				TEST_HOST = "$(BUILT_PRODUCTS_DIR)/LionHeart-iOS.app/$(BUNDLE_EXECUTABLE_FOLDER_PATH)/LionHeart-iOS";
			};
			name = Release;
		};
		B532E85F2A5525C800F0DB19 /* Debug */ = {
			isa = XCBuildConfiguration;
			buildSettings = {
				ALWAYS_EMBED_SWIFT_STANDARD_LIBRARIES = YES;
				CODE_SIGN_STYLE = Automatic;
				CURRENT_PROJECT_VERSION = 1;
				DEVELOPMENT_TEAM = AXN37CP9B9;
				GENERATE_INFOPLIST_FILE = YES;
				MARKETING_VERSION = 1.0;
				PRODUCT_BUNDLE_IDENTIFIER = "com.Lionheart.LionHeart-iOSUITests";
				PRODUCT_NAME = "$(TARGET_NAME)";
				SWIFT_EMIT_LOC_STRINGS = NO;
				SWIFT_VERSION = 5.0;
				TARGETED_DEVICE_FAMILY = "1,2";
				TEST_TARGET_NAME = "LionHeart-iOS";
			};
			name = Debug;
		};
		B532E8602A5525C800F0DB19 /* Release */ = {
			isa = XCBuildConfiguration;
			buildSettings = {
				ALWAYS_EMBED_SWIFT_STANDARD_LIBRARIES = YES;
				CODE_SIGN_STYLE = Automatic;
				CURRENT_PROJECT_VERSION = 1;
				DEVELOPMENT_TEAM = AXN37CP9B9;
				GENERATE_INFOPLIST_FILE = YES;
				MARKETING_VERSION = 1.0;
				PRODUCT_BUNDLE_IDENTIFIER = "com.Lionheart.LionHeart-iOSUITests";
				PRODUCT_NAME = "$(TARGET_NAME)";
				SWIFT_EMIT_LOC_STRINGS = NO;
				SWIFT_VERSION = 5.0;
				TARGETED_DEVICE_FAMILY = "1,2";
				TEST_TARGET_NAME = "LionHeart-iOS";
			};
			name = Release;
		};
/* End XCBuildConfiguration section */

/* Begin XCConfigurationList section */
		B532E8292A5525C600F0DB19 /* Build configuration list for PBXProject "LionHeart-iOS" */ = {
			isa = XCConfigurationList;
			buildConfigurations = (
				B532E8562A5525C800F0DB19 /* Debug */,
				B532E8572A5525C800F0DB19 /* Release */,
			);
			defaultConfigurationIsVisible = 0;
			defaultConfigurationName = Release;
		};
		B532E8582A5525C800F0DB19 /* Build configuration list for PBXNativeTarget "LionHeart-iOS" */ = {
			isa = XCConfigurationList;
			buildConfigurations = (
				B532E8592A5525C800F0DB19 /* Debug */,
				B532E85A2A5525C800F0DB19 /* Release */,
			);
			defaultConfigurationIsVisible = 0;
			defaultConfigurationName = Release;
		};
		B532E85B2A5525C800F0DB19 /* Build configuration list for PBXNativeTarget "LionHeart-iOSTests" */ = {
			isa = XCConfigurationList;
			buildConfigurations = (
				B532E85C2A5525C800F0DB19 /* Debug */,
				B532E85D2A5525C800F0DB19 /* Release */,
			);
			defaultConfigurationIsVisible = 0;
			defaultConfigurationName = Release;
		};
		B532E85E2A5525C800F0DB19 /* Build configuration list for PBXNativeTarget "LionHeart-iOSUITests" */ = {
			isa = XCConfigurationList;
			buildConfigurations = (
				B532E85F2A5525C800F0DB19 /* Debug */,
				B532E8602A5525C800F0DB19 /* Release */,
			);
			defaultConfigurationIsVisible = 0;
			defaultConfigurationName = Release;
		};
/* End XCConfigurationList section */
	};
	rootObject = B532E8262A5525C600F0DB19 /* Project object */;
}
